
Microsoft Visual Studio Solution File, Format Version 12.00
# Visual Studio Version 16
VisualStudioVersion = 16.0.31410.357
MinimumVisualStudioVersion = 10.0.40219.1
Project("{FAE04EC0-301F-11D3-BF4B-00C04F79EFBC}") = "Authn", "Authn\Authn.csproj", "{05271356-F016-4189-A9A9-ACE622915712}"
EndProject
Global
	GlobalSection(SolutionConfigurationPlatforms) = preSolution
		Debug|Any CPU = Debug|Any CPU
		Release|Any CPU = Release|Any CPU
	EndGlobalSection
	GlobalSection(ProjectConfigurationPlatforms) = postSolution
		{05271356-F016-4189-A9A9-ACE622915712}.Debug|Any CPU.ActiveCfg = Debug|Any CPU
		{05271356-F016-4189-A9A9-ACE622915712}.Debug|Any CPU.Build.0 = Debug|Any CPU
		{05271356-F016-4189-A9A9-ACE622915712}.Release|Any CPU.ActiveCfg = Release|Any CPU
		{05271356-F016-4189-A9A9-ACE622915712}.Release|Any CPU.Build.0 = Release|Any CPU
	EndGlobalSection
	GlobalSection(SolutionProperties) = preSolution
		HideSolutionNode = FALSE
	EndGlobalSection
	GlobalSection(ExtensibilityGlobals) = postSolution
		SolutionGuid = {6A683FE7-70C0-4A81-A619-155F61692BD2}
	EndGlobalSection
EndGlobal
